/mnt/prostlocal2/projects/st_mycoplasma_assembly/racon_test/postprocessing/15DD0163_qcat_flye/15DD0163_qcat_flye_long4.fasta
/mnt/prostlocal2/projects/st_mycoplasma_assembly/racon_test/postprocessing/17DD0007_qcat_flye/17DD0007_qcat_flye_long4.fasta
/mnt/prostlocal2/projects/st_mycoplasma_assembly/racon_test/postprocessing/17DD0020_qcat_flye/17DD0020_qcat_flye_long4.fasta
