/mnt/prostlocal2/projects/st_mycoplasma_assembly/doubice_hybrid/preprocessing/qcat/barcode01.fastq
/mnt/prostlocal2/projects/st_mycoplasma_assembly/doubice_hybrid/preprocessing/qcat/barcode02.fastq
/mnt/prostlocal2/projects/st_mycoplasma_assembly/doubice_hybrid/preprocessing/qcat/barcode03.fastq
/mnt/prostlocal2/projects/st_mycoplasma_assembly/doubice_hybrid/preprocessing/qcat/barcode04.fastq
/mnt/prostlocal2/projects/st_mycoplasma_assembly/doubice_hybrid/preprocessing/qcat/barcode05.fastq
/mnt/prostlocal2/projects/st_mycoplasma_assembly/doubice_hybrid/preprocessing/qcat/barcode06.fastq
/mnt/prostlocal2/projects/st_mycoplasma_assembly/doubice_hybrid/preprocessing/qcat/barcode07.fastq
/mnt/prostlocal2/projects/st_mycoplasma_assembly/doubice_hybrid/preprocessing/qcat/barcode08.fastq
/mnt/prostlocal2/projects/st_mycoplasma_assembly/doubice_hybrid/preprocessing/qcat/barcode09.fastq
/mnt/prostlocal2/projects/st_mycoplasma_assembly/doubice_hybrid/preprocessing/qcat/barcode10.fastq
/mnt/prostlocal2/projects/st_mycoplasma_assembly/doubice_hybrid/preprocessing/qcat/barcode11.fastq
/mnt/prostlocal2/projects/st_mycoplasma_assembly/doubice_hybrid/preprocessing/qcat/barcode12.fastq
/mnt/prostlocal2/projects/st_mycoplasma_assembly/doubice_hybrid/preprocessing/qcat/barcode13.fastq
