/mnt/prostlocal2/projects/st_mycoplasma_assembly/nanopore/preprocessing/porechop/15DD0163_porechop.fastq
/mnt/prostlocal2/projects/st_mycoplasma_assembly/nanopore/preprocessing/porechop/17DD0007_porechop.fastq
/mnt/prostlocal2/projects/st_mycoplasma_assembly/nanopore/preprocessing/porechop/17DD0020_porechop.fastq
/mnt/prostlocal2/projects/st_mycoplasma_assembly/nanopore/preprocessing/deepbinner/classifications
/mnt/prostlocal2/projects/st_mycoplasma_assembly/nanopore/preprocessing/deepbinner/bin/BC10.fastq.gz
/mnt/prostlocal2/projects/st_mycoplasma_assembly/nanopore/preprocessing/deepbinner/bin/BC11.fastq.gz
/mnt/prostlocal2/projects/st_mycoplasma_assembly/nanopore/preprocessing/deepbinner/bin/BC12.fastq.gz
/mnt/prostlocal2/projects/st_mycoplasma_assembly/nanopore/preprocessing/deepbinner/bin/15DD0163_deepbinner_untrimmed.fastq.gz
/mnt/prostlocal2/projects/st_mycoplasma_assembly/nanopore/preprocessing/deepbinner/bin/17DD0007_deepbinner_untrimmed.fastq.gz
/mnt/prostlocal2/projects/st_mycoplasma_assembly/nanopore/preprocessing/deepbinner/bin/17DD0020_deepbinner_untrimmed.fastq.gz
/mnt/prostlocal2/projects/st_mycoplasma_assembly/nanopore/preprocessing/deepbinner/15DD0163_deepbinner.fastq.gz
/mnt/prostlocal2/projects/st_mycoplasma_assembly/nanopore/preprocessing/deepbinner/17DD0007_deepbinner.fastq.gz
/mnt/prostlocal2/projects/st_mycoplasma_assembly/nanopore/preprocessing/deepbinner/17DD0020_deepbinner.fastq.gz
/mnt/prostlocal2/projects/st_mycoplasma_assembly/nanopore/preprocessing/deepbinner/15DD0163_deepbinner.fastq
/mnt/prostlocal2/projects/st_mycoplasma_assembly/nanopore/preprocessing/deepbinner/17DD0007_deepbinner.fastq
/mnt/prostlocal2/projects/st_mycoplasma_assembly/nanopore/preprocessing/deepbinner/17DD0020_deepbinner.fastq
/mnt/prostlocal2/projects/st_mycoplasma_assembly/nanopore/quality/nanoplot/15DD0163_porechopNanoPlot-report.html
/mnt/prostlocal2/projects/st_mycoplasma_assembly/nanopore/quality/nanoplot/15DD0163_deepbinnerNanoPlot-report.html
/mnt/prostlocal2/projects/st_mycoplasma_assembly/nanopore/quality/nanoplot/17DD0007_porechopNanoPlot-report.html
/mnt/prostlocal2/projects/st_mycoplasma_assembly/nanopore/quality/nanoplot/17DD0007_deepbinnerNanoPlot-report.html
/mnt/prostlocal2/projects/st_mycoplasma_assembly/nanopore/quality/nanoplot/17DD0020_porechopNanoPlot-report.html
/mnt/prostlocal2/projects/st_mycoplasma_assembly/nanopore/quality/nanoplot/17DD0020_deepbinnerNanoPlot-report.html
/mnt/prostlocal2/projects/st_mycoplasma_assembly/nanopore/preprocessing/porechop/BC10.fastq
/mnt/prostlocal2/projects/st_mycoplasma_assembly/nanopore/preprocessing/porechop/BC11.fastq
/mnt/prostlocal2/projects/st_mycoplasma_assembly/nanopore/preprocessing/porechop/BC12.fastq
