/mnt/prostlocal2/projects/st_mycoplasma_assembly/hybrid_new/preprocessing/porechop/11DD0261_porechop.fastq
/mnt/prostlocal2/projects/st_mycoplasma_assembly/hybrid_new/preprocessing/deepbinner/classifications
/mnt/prostlocal2/projects/st_mycoplasma_assembly/hybrid_new/preprocessing/deepbinner/bin/BC01.fastq.gz
/mnt/prostlocal2/projects/st_mycoplasma_assembly/hybrid_new/preprocessing/deepbinner/bin/11DD0261_deepbinner_untrimmed.fastq.gz
/mnt/prostlocal2/projects/st_mycoplasma_assembly/hybrid_new/preprocessing/deepbinner/11DD0261_deepbinner.fastq.gz
/mnt/prostlocal2/projects/st_mycoplasma_assembly/hybrid_new/preprocessing/deepbinner/13DD0918_deepbinner.fastq.gz
/mnt/prostlocal2/projects/st_mycoplasma_assembly/hybrid_new/preprocessing/deepbinner/14DD0148_deepbinner.fastq.gz
/mnt/prostlocal2/projects/st_mycoplasma_assembly/hybrid_new/preprocessing/deepbinner/14DD0156_deepbinner.fastq.gz
/mnt/prostlocal2/projects/st_mycoplasma_assembly/hybrid_new/preprocessing/deepbinner/14DD0457ML_deepbinner.fastq.gz
/mnt/prostlocal2/projects/st_mycoplasma_assembly/hybrid_new/preprocessing/deepbinner/15DD0123_deepbinner.fastq.gz
/mnt/prostlocal2/projects/st_mycoplasma_assembly/hybrid_new/preprocessing/deepbinner/15DD0140_deepbinner.fastq.gz
/mnt/prostlocal2/projects/st_mycoplasma_assembly/hybrid_new/preprocessing/deepbinner/15DD0141_deepbinner.fastq.gz
/mnt/prostlocal2/projects/st_mycoplasma_assembly/hybrid_new/preprocessing/deepbinner/15DD0160_deepbinner.fastq.gz
/mnt/prostlocal2/projects/st_mycoplasma_assembly/hybrid_new/preprocessing/deepbinner/15DD0161_deepbinner.fastq.gz
/mnt/prostlocal2/projects/st_mycoplasma_assembly/hybrid_new/preprocessing/deepbinner/11DD0261_deepbinner.fastq
/mnt/prostlocal2/projects/st_mycoplasma_assembly/hybrid_new/preprocessing/deepbinner/13DD0918_deepbinner.fastq
/mnt/prostlocal2/projects/st_mycoplasma_assembly/hybrid_new/preprocessing/deepbinner/14DD0148_deepbinner.fastq
/mnt/prostlocal2/projects/st_mycoplasma_assembly/hybrid_new/preprocessing/deepbinner/14DD0156_deepbinner.fastq
/mnt/prostlocal2/projects/st_mycoplasma_assembly/hybrid_new/preprocessing/deepbinner/14DD0457ML_deepbinner.fastq
/mnt/prostlocal2/projects/st_mycoplasma_assembly/hybrid_new/preprocessing/deepbinner/15DD0123_deepbinner.fastq
/mnt/prostlocal2/projects/st_mycoplasma_assembly/hybrid_new/preprocessing/deepbinner/15DD0140_deepbinner.fastq
/mnt/prostlocal2/projects/st_mycoplasma_assembly/hybrid_new/preprocessing/deepbinner/15DD0141_deepbinner.fastq
/mnt/prostlocal2/projects/st_mycoplasma_assembly/hybrid_new/preprocessing/deepbinner/15DD0160_deepbinner.fastq
/mnt/prostlocal2/projects/st_mycoplasma_assembly/hybrid_new/preprocessing/deepbinner/15DD0161_deepbinner.fastq
/mnt/prostlocal2/projects/st_mycoplasma_assembly/hybrid_new/quality/nanoplot/11DD0261_porechopNanoPlot-report.html
/mnt/prostlocal2/projects/st_mycoplasma_assembly/hybrid_new/quality/nanoplot/11DD0261_deepbinnerNanoPlot-report.html
/mnt/prostlocal2/projects/st_mycoplasma_assembly/hybrid_new/quality/nanoplot/13DD0918_porechopNanoPlot-report.html
/mnt/prostlocal2/projects/st_mycoplasma_assembly/hybrid_new/quality/nanoplot/13DD0918_deepbinnerNanoPlot-report.html
/mnt/prostlocal2/projects/st_mycoplasma_assembly/hybrid_new/quality/nanoplot/14DD0148_porechopNanoPlot-report.html
/mnt/prostlocal2/projects/st_mycoplasma_assembly/hybrid_new/quality/nanoplot/14DD0148_deepbinnerNanoPlot-report.html
/mnt/prostlocal2/projects/st_mycoplasma_assembly/hybrid_new/quality/nanoplot/14DD0156_porechopNanoPlot-report.html
/mnt/prostlocal2/projects/st_mycoplasma_assembly/hybrid_new/quality/nanoplot/14DD0156_deepbinnerNanoPlot-report.html
/mnt/prostlocal2/projects/st_mycoplasma_assembly/hybrid_new/quality/nanoplot/14DD0457ML_porechopNanoPlot-report.html
/mnt/prostlocal2/projects/st_mycoplasma_assembly/hybrid_new/quality/nanoplot/14DD0457ML_deepbinnerNanoPlot-report.html
/mnt/prostlocal2/projects/st_mycoplasma_assembly/hybrid_new/quality/nanoplot/15DD0123_porechopNanoPlot-report.html
/mnt/prostlocal2/projects/st_mycoplasma_assembly/hybrid_new/quality/nanoplot/15DD0123_deepbinnerNanoPlot-report.html
/mnt/prostlocal2/projects/st_mycoplasma_assembly/hybrid_new/quality/nanoplot/15DD0140_porechopNanoPlot-report.html
/mnt/prostlocal2/projects/st_mycoplasma_assembly/hybrid_new/quality/nanoplot/15DD0140_deepbinnerNanoPlot-report.html
/mnt/prostlocal2/projects/st_mycoplasma_assembly/hybrid_new/quality/nanoplot/15DD0141_porechopNanoPlot-report.html
/mnt/prostlocal2/projects/st_mycoplasma_assembly/hybrid_new/quality/nanoplot/15DD0141_deepbinnerNanoPlot-report.html
/mnt/prostlocal2/projects/st_mycoplasma_assembly/hybrid_new/quality/nanoplot/15DD0160_porechopNanoPlot-report.html
/mnt/prostlocal2/projects/st_mycoplasma_assembly/hybrid_new/quality/nanoplot/15DD0160_deepbinnerNanoPlot-report.html
/mnt/prostlocal2/projects/st_mycoplasma_assembly/hybrid_new/quality/nanoplot/15DD0161_porechopNanoPlot-report.html
/mnt/prostlocal2/projects/st_mycoplasma_assembly/hybrid_new/quality/nanoplot/15DD0161_deepbinnerNanoPlot-report.html
/mnt/prostlocal2/projects/st_mycoplasma_assembly/hybrid_new/preprocessing/porechop/BC01.fastq
/mnt/prostlocal2/projects/st_mycoplasma_assembly/hybrid_new/preprocessing/porechop/BC02.fastq
/mnt/prostlocal2/projects/st_mycoplasma_assembly/hybrid_new/preprocessing/porechop/BC03.fastq
/mnt/prostlocal2/projects/st_mycoplasma_assembly/hybrid_new/preprocessing/porechop/BC04.fastq
/mnt/prostlocal2/projects/st_mycoplasma_assembly/hybrid_new/preprocessing/porechop/BC05.fastq
/mnt/prostlocal2/projects/st_mycoplasma_assembly/hybrid_new/preprocessing/porechop/BC06.fastq
/mnt/prostlocal2/projects/st_mycoplasma_assembly/hybrid_new/preprocessing/porechop/BC07.fastq
/mnt/prostlocal2/projects/st_mycoplasma_assembly/hybrid_new/preprocessing/porechop/BC08.fastq
/mnt/prostlocal2/projects/st_mycoplasma_assembly/hybrid_new/preprocessing/porechop/BC09.fastq
/mnt/prostlocal2/projects/st_mycoplasma_assembly/hybrid_new/preprocessing/porechop/BC10.fastq
/data/fass2/reads/ont/celia/20190416_1339_20190416_myco2/fast5/
/mnt/prostlocal2/projects/st_mycoplasma_assembly/hybrid_new/preprocessing/deepbinner/classifications
/data/fass2/reads/ont/celia/20190416_1339_20190416_myco2/called/2019-06-20/myco2_2019-06-20_13-00-46_20477.fastq
/mnt/prostlocal2/projects/st_mycoplasma_assembly/hybrid_new/preprocessing/deepbinner/bin/BC01.fastq.gz
/mnt/prostlocal2/projects/st_mycoplasma_assembly/hybrid_new/preprocessing/deepbinner/bin/BC02.fastq.gz
/mnt/prostlocal2/projects/st_mycoplasma_assembly/hybrid_new/preprocessing/deepbinner/bin/BC03.fastq.gz
/mnt/prostlocal2/projects/st_mycoplasma_assembly/hybrid_new/preprocessing/deepbinner/bin/BC04.fastq.gz
/mnt/prostlocal2/projects/st_mycoplasma_assembly/hybrid_new/preprocessing/deepbinner/bin/BC05.fastq.gz
/mnt/prostlocal2/projects/st_mycoplasma_assembly/hybrid_new/preprocessing/deepbinner/bin/BC06.fastq.gz
/mnt/prostlocal2/projects/st_mycoplasma_assembly/hybrid_new/preprocessing/deepbinner/bin/BC07.fastq.gz
/mnt/prostlocal2/projects/st_mycoplasma_assembly/hybrid_new/preprocessing/deepbinner/bin/BC08.fastq.gz
/mnt/prostlocal2/projects/st_mycoplasma_assembly/hybrid_new/preprocessing/deepbinner/bin/BC09.fastq.gz
/mnt/prostlocal2/projects/st_mycoplasma_assembly/hybrid_new/preprocessing/deepbinner/bin/BC10.fastq.gz
/mnt/prostlocal2/projects/st_mycoplasma_assembly/hybrid_new/preprocessing/deepbinner/bin/11DD0261_deepbinner_untrimmed.fastq.gz
/mnt/prostlocal2/projects/st_mycoplasma_assembly/hybrid_new/preprocessing/deepbinner/bin/13DD0918_deepbinner_untrimmed.fastq.gz
/mnt/prostlocal2/projects/st_mycoplasma_assembly/hybrid_new/preprocessing/deepbinner/bin/14DD0148_deepbinner_untrimmed.fastq.gz
/mnt/prostlocal2/projects/st_mycoplasma_assembly/hybrid_new/preprocessing/deepbinner/bin/14DD0156_deepbinner_untrimmed.fastq.gz
/mnt/prostlocal2/projects/st_mycoplasma_assembly/hybrid_new/preprocessing/deepbinner/bin/14DD0457ML_deepbinner_untrimmed.fastq.gz
/mnt/prostlocal2/projects/st_mycoplasma_assembly/hybrid_new/preprocessing/deepbinner/bin/15DD0123_deepbinner_untrimmed.fastq.gz
/mnt/prostlocal2/projects/st_mycoplasma_assembly/hybrid_new/preprocessing/deepbinner/bin/15DD0140_deepbinner_untrimmed.fastq.gz
/mnt/prostlocal2/projects/st_mycoplasma_assembly/hybrid_new/preprocessing/deepbinner/bin/15DD0141_deepbinner_untrimmed.fastq.gz
/mnt/prostlocal2/projects/st_mycoplasma_assembly/hybrid_new/preprocessing/deepbinner/bin/15DD0160_deepbinner_untrimmed.fastq.gz
/mnt/prostlocal2/projects/st_mycoplasma_assembly/hybrid_new/preprocessing/deepbinner/bin/15DD0161_deepbinner_untrimmed.fastq.gz
/mnt/prostlocal2/projects/st_mycoplasma_assembly/hybrid_new/preprocessing/deepbinner/11DD0261_deepbinner.fastq.gz
/mnt/prostlocal2/projects/st_mycoplasma_assembly/hybrid_new/preprocessing/deepbinner/13DD0918_deepbinner.fastq.gz
/mnt/prostlocal2/projects/st_mycoplasma_assembly/hybrid_new/preprocessing/deepbinner/14DD0148_deepbinner.fastq.gz
/mnt/prostlocal2/projects/st_mycoplasma_assembly/hybrid_new/preprocessing/deepbinner/14DD0156_deepbinner.fastq.gz
/mnt/prostlocal2/projects/st_mycoplasma_assembly/hybrid_new/preprocessing/deepbinner/14DD0457ML_deepbinner.fastq.gz
/mnt/prostlocal2/projects/st_mycoplasma_assembly/hybrid_new/preprocessing/deepbinner/15DD0123_deepbinner.fastq.gz
/mnt/prostlocal2/projects/st_mycoplasma_assembly/hybrid_new/preprocessing/deepbinner/15DD0140_deepbinner.fastq.gz
/mnt/prostlocal2/projects/st_mycoplasma_assembly/hybrid_new/preprocessing/deepbinner/15DD0141_deepbinner.fastq.gz
/mnt/prostlocal2/projects/st_mycoplasma_assembly/hybrid_new/preprocessing/deepbinner/15DD0160_deepbinner.fastq.gz
/mnt/prostlocal2/projects/st_mycoplasma_assembly/hybrid_new/preprocessing/deepbinner/15DD0161_deepbinner.fastq.gz
/mnt/prostlocal2/projects/st_mycoplasma_assembly/hybrid_new/preprocessing/porechop/11DD0261_porechop.fastq
/mnt/prostlocal2/projects/st_mycoplasma_assembly/hybrid_new/preprocessing/deepbinner/11DD0261_deepbinner.fastq
/mnt/prostlocal2/projects/st_mycoplasma_assembly/hybrid_new/preprocessing/porechop/13DD0918_porechop.fastq
/mnt/prostlocal2/projects/st_mycoplasma_assembly/hybrid_new/preprocessing/deepbinner/13DD0918_deepbinner.fastq
/mnt/prostlocal2/projects/st_mycoplasma_assembly/hybrid_new/preprocessing/porechop/14DD0148_porechop.fastq
/mnt/prostlocal2/projects/st_mycoplasma_assembly/hybrid_new/preprocessing/deepbinner/14DD0148_deepbinner.fastq
/mnt/prostlocal2/projects/st_mycoplasma_assembly/hybrid_new/preprocessing/porechop/14DD0156_porechop.fastq
/mnt/prostlocal2/projects/st_mycoplasma_assembly/hybrid_new/preprocessing/deepbinner/14DD0156_deepbinner.fastq
/mnt/prostlocal2/projects/st_mycoplasma_assembly/hybrid_new/preprocessing/porechop/14DD0457ML_porechop.fastq
/mnt/prostlocal2/projects/st_mycoplasma_assembly/hybrid_new/preprocessing/deepbinner/14DD0457ML_deepbinner.fastq
/mnt/prostlocal2/projects/st_mycoplasma_assembly/hybrid_new/preprocessing/porechop/15DD0123_porechop.fastq
/mnt/prostlocal2/projects/st_mycoplasma_assembly/hybrid_new/preprocessing/deepbinner/15DD0123_deepbinner.fastq
/mnt/prostlocal2/projects/st_mycoplasma_assembly/hybrid_new/preprocessing/porechop/15DD0140_porechop.fastq
/mnt/prostlocal2/projects/st_mycoplasma_assembly/hybrid_new/preprocessing/deepbinner/15DD0140_deepbinner.fastq
/mnt/prostlocal2/projects/st_mycoplasma_assembly/hybrid_new/preprocessing/porechop/15DD0141_porechop.fastq
/mnt/prostlocal2/projects/st_mycoplasma_assembly/hybrid_new/preprocessing/deepbinner/15DD0141_deepbinner.fastq
/mnt/prostlocal2/projects/st_mycoplasma_assembly/hybrid_new/preprocessing/porechop/15DD0160_porechop.fastq
/mnt/prostlocal2/projects/st_mycoplasma_assembly/hybrid_new/preprocessing/deepbinner/15DD0160_deepbinner.fastq
/mnt/prostlocal2/projects/st_mycoplasma_assembly/hybrid_new/preprocessing/porechop/15DD0161_porechop.fastq
/mnt/prostlocal2/projects/st_mycoplasma_assembly/hybrid_new/preprocessing/deepbinner/15DD0161_deepbinner.fastq
/data/fass2/reads/ont/celia/20190416_1339_20190416_myco2/called/2019-06-20/myco2_2019-06-20_13-00-46_20477.fastq
