/mnt/prostlocal2/projects/st_mycoplasma_assembly/hybrid_new/preprocessing/deepbinner/classifications
/mnt/prostlocal2/projects/st_mycoplasma_assembly/hybrid_new/preprocessing/deepbinner/bin/BC01.fastq.gz
/mnt/prostlocal2/projects/st_mycoplasma_assembly/hybrid_new/preprocessing/deepbinner/bin/BC02.fastq.gz
/mnt/prostlocal2/projects/st_mycoplasma_assembly/hybrid_new/preprocessing/deepbinner/bin/BC03.fastq.gz
/mnt/prostlocal2/projects/st_mycoplasma_assembly/hybrid_new/preprocessing/deepbinner/bin/BC04.fastq.gz
/mnt/prostlocal2/projects/st_mycoplasma_assembly/hybrid_new/preprocessing/deepbinner/bin/BC05.fastq.gz
/mnt/prostlocal2/projects/st_mycoplasma_assembly/hybrid_new/preprocessing/deepbinner/bin/BC06.fastq.gz
/mnt/prostlocal2/projects/st_mycoplasma_assembly/hybrid_new/preprocessing/deepbinner/bin/BC07.fastq.gz
/mnt/prostlocal2/projects/st_mycoplasma_assembly/hybrid_new/preprocessing/deepbinner/bin/BC08.fastq.gz
/mnt/prostlocal2/projects/st_mycoplasma_assembly/hybrid_new/preprocessing/deepbinner/bin/BC09.fastq.gz
/mnt/prostlocal2/projects/st_mycoplasma_assembly/hybrid_new/preprocessing/deepbinner/bin/BC10.fastq.gz
/mnt/prostlocal2/projects/st_mycoplasma_assembly/hybrid_new/preprocessing/deepbinner/bin/11DD0261_deepbinner_untrimmed.fastq.gz
/mnt/prostlocal2/projects/st_mycoplasma_assembly/hybrid_new/preprocessing/deepbinner/bin/13DD0918_deepbinner_untrimmed.fastq.gz
/mnt/prostlocal2/projects/st_mycoplasma_assembly/hybrid_new/preprocessing/deepbinner/bin/14DD0148_deepbinner_untrimmed.fastq.gz
/mnt/prostlocal2/projects/st_mycoplasma_assembly/hybrid_new/preprocessing/deepbinner/bin/14DD0156_deepbinner_untrimmed.fastq.gz
/mnt/prostlocal2/projects/st_mycoplasma_assembly/hybrid_new/preprocessing/deepbinner/bin/14DD0457ML_deepbinner_untrimmed.fastq.gz
/mnt/prostlocal2/projects/st_mycoplasma_assembly/hybrid_new/preprocessing/deepbinner/bin/15DD0123_deepbinner_untrimmed.fastq.gz
/mnt/prostlocal2/projects/st_mycoplasma_assembly/hybrid_new/preprocessing/deepbinner/bin/15DD0140_deepbinner_untrimmed.fastq.gz
/mnt/prostlocal2/projects/st_mycoplasma_assembly/hybrid_new/preprocessing/deepbinner/bin/15DD0141_deepbinner_untrimmed.fastq.gz
/mnt/prostlocal2/projects/st_mycoplasma_assembly/hybrid_new/preprocessing/deepbinner/bin/15DD0160_deepbinner_untrimmed.fastq.gz
/mnt/prostlocal2/projects/st_mycoplasma_assembly/hybrid_new/preprocessing/deepbinner/bin/15DD0161_deepbinner_untrimmed.fastq.gz
/mnt/prostlocal2/projects/st_mycoplasma_assembly/hybrid_new/preprocessing/deepbinner/11DD0261_deepbinner.fastq.gz
/mnt/prostlocal2/projects/st_mycoplasma_assembly/hybrid_new/preprocessing/deepbinner/13DD0918_deepbinner.fastq.gz
/mnt/prostlocal2/projects/st_mycoplasma_assembly/hybrid_new/preprocessing/deepbinner/14DD0148_deepbinner.fastq.gz
/mnt/prostlocal2/projects/st_mycoplasma_assembly/hybrid_new/preprocessing/deepbinner/14DD0156_deepbinner.fastq.gz
/mnt/prostlocal2/projects/st_mycoplasma_assembly/hybrid_new/preprocessing/deepbinner/14DD0457ML_deepbinner.fastq.gz
/mnt/prostlocal2/projects/st_mycoplasma_assembly/hybrid_new/preprocessing/deepbinner/15DD0123_deepbinner.fastq.gz
/mnt/prostlocal2/projects/st_mycoplasma_assembly/hybrid_new/preprocessing/deepbinner/15DD0140_deepbinner.fastq.gz
/mnt/prostlocal2/projects/st_mycoplasma_assembly/hybrid_new/preprocessing/deepbinner/15DD0141_deepbinner.fastq.gz
/mnt/prostlocal2/projects/st_mycoplasma_assembly/hybrid_new/preprocessing/deepbinner/15DD0160_deepbinner.fastq.gz
/mnt/prostlocal2/projects/st_mycoplasma_assembly/hybrid_new/preprocessing/deepbinner/15DD0161_deepbinner.fastq.gz
/mnt/prostlocal2/projects/st_mycoplasma_assembly/hybrid_new/preprocessing/deepbinner/11DD0261_deepbinner.fastq
/mnt/prostlocal2/projects/st_mycoplasma_assembly/hybrid_new/preprocessing/deepbinner/13DD0918_deepbinner.fastq
/mnt/prostlocal2/projects/st_mycoplasma_assembly/hybrid_new/preprocessing/deepbinner/14DD0148_deepbinner.fastq
/mnt/prostlocal2/projects/st_mycoplasma_assembly/hybrid_new/preprocessing/deepbinner/14DD0156_deepbinner.fastq
/mnt/prostlocal2/projects/st_mycoplasma_assembly/hybrid_new/preprocessing/deepbinner/14DD0457ML_deepbinner.fastq
/mnt/prostlocal2/projects/st_mycoplasma_assembly/hybrid_new/preprocessing/deepbinner/15DD0123_deepbinner.fastq
/mnt/prostlocal2/projects/st_mycoplasma_assembly/hybrid_new/preprocessing/deepbinner/15DD0140_deepbinner.fastq
/mnt/prostlocal2/projects/st_mycoplasma_assembly/hybrid_new/preprocessing/deepbinner/15DD0141_deepbinner.fastq
/mnt/prostlocal2/projects/st_mycoplasma_assembly/hybrid_new/preprocessing/deepbinner/15DD0160_deepbinner.fastq
/mnt/prostlocal2/projects/st_mycoplasma_assembly/hybrid_new/preprocessing/deepbinner/15DD0161_deepbinner.fastq
/mnt/prostlocal2/projects/st_mycoplasma_assembly/hybrid_new/quality/nanoplot/11DD0261_deepbinnerNanoPlot-report.html
/mnt/prostlocal2/projects/st_mycoplasma_assembly/hybrid_new/quality/nanoplot/13DD0918_deepbinnerNanoPlot-report.html
/mnt/prostlocal2/projects/st_mycoplasma_assembly/hybrid_new/quality/nanoplot/14DD0148_deepbinnerNanoPlot-report.html
/mnt/prostlocal2/projects/st_mycoplasma_assembly/hybrid_new/quality/nanoplot/14DD0156_deepbinnerNanoPlot-report.html
/mnt/prostlocal2/projects/st_mycoplasma_assembly/hybrid_new/quality/nanoplot/14DD0457ML_deepbinnerNanoPlot-report.html
/mnt/prostlocal2/projects/st_mycoplasma_assembly/hybrid_new/quality/nanoplot/15DD0123_deepbinnerNanoPlot-report.html
/mnt/prostlocal2/projects/st_mycoplasma_assembly/hybrid_new/quality/nanoplot/15DD0140_deepbinnerNanoPlot-report.html
/mnt/prostlocal2/projects/st_mycoplasma_assembly/hybrid_new/quality/nanoplot/15DD0141_deepbinnerNanoPlot-report.html
/mnt/prostlocal2/projects/st_mycoplasma_assembly/hybrid_new/quality/nanoplot/15DD0160_deepbinnerNanoPlot-report.html
/mnt/prostlocal2/projects/st_mycoplasma_assembly/hybrid_new/quality/nanoplot/15DD0161_deepbinnerNanoPlot-report.html
